// !$*UTF8*$!
{
	archiveVersion = 1;
	classes = {
	};
	objectVersion = 46;
	objects = {

/* Begin PBXBuildFile section */
		895CC50018348E7200D388D4 /* SFImageViewController.m in Sources */ = {isa = PBXBuildFile; fileRef = 895CC4FF18348E7200D388D4 /* SFImageViewController.m */; };
		89BB97AE18334F2300533562 /* Foundation.framework in Frameworks */ = {isa = PBXBuildFile; fileRef = 89BB97AD18334F2300533562 /* Foundation.framework */; };
		89BB97B018334F2300533562 /* CoreGraphics.framework in Frameworks */ = {isa = PBXBuildFile; fileRef = 89BB97AF18334F2300533562 /* CoreGraphics.framework */; };
		89BB97B218334F2300533562 /* UIKit.framework in Frameworks */ = {isa = PBXBuildFile; fileRef = 89BB97B118334F2300533562 /* UIKit.framework */; };
		89BB97B818334F2300533562 /* InfoPlist.strings in Resources */ = {isa = PBXBuildFile; fileRef = 89BB97B618334F2300533562 /* InfoPlist.strings */; };
		89BB97BA18334F2300533562 /* main.m in Sources */ = {isa = PBXBuildFile; fileRef = 89BB97B918334F2300533562 /* main.m */; };
		89BB97BE18334F2300533562 /* SFAppDelegate.m in Sources */ = {isa = PBXBuildFile; fileRef = 89BB97BD18334F2300533562 /* SFAppDelegate.m */; };
		89BB97C118334F2300533562 /* Main.storyboard in Resources */ = {isa = PBXBuildFile; fileRef = 89BB97BF18334F2300533562 /* Main.storyboard */; };
		89BB97C618334F2300533562 /* Images.xcassets in Resources */ = {isa = PBXBuildFile; fileRef = 89BB97C518334F2300533562 /* Images.xcassets */; };
		89BB97CD18334F2300533562 /* XCTest.framework in Frameworks */ = {isa = PBXBuildFile; fileRef = 89BB97CC18334F2300533562 /* XCTest.framework */; };
		89BB97CE18334F2300533562 /* Foundation.framework in Frameworks */ = {isa = PBXBuildFile; fileRef = 89BB97AD18334F2300533562 /* Foundation.framework */; };
		89BB97CF18334F2300533562 /* UIKit.framework in Frameworks */ = {isa = PBXBuildFile; fileRef = 89BB97B118334F2300533562 /* UIKit.framework */; };
		89BB97D718334F2300533562 /* InfoPlist.strings in Resources */ = {isa = PBXBuildFile; fileRef = 89BB97D518334F2300533562 /* InfoPlist.strings */; };
		89BB97D918334F2300533562 /* SFNetworkAppTests.m in Sources */ = {isa = PBXBuildFile; fileRef = 89BB97D818334F2300533562 /* SFNetworkAppTests.m */; };
		89BB97E41833589F00533562 /* SFJSONTableViewController.m in Sources */ = {isa = PBXBuildFile; fileRef = 89BB97E31833589F00533562 /* SFJSONTableViewController.m */; };
		89BB97E718335B3D00533562 /* SFWeatherModel.m in Sources */ = {isa = PBXBuildFile; fileRef = 89BB97E618335B3D00533562 /* SFWeatherModel.m */; };
		89BB97EA1834054900533562 /* SFPhotoModel.m in Sources */ = {isa = PBXBuildFile; fileRef = 89BB97E91834054900533562 /* SFPhotoModel.m */; };
		A1C00D31D3E84B8885B7A1EC /* libPods.a in Frameworks */ = {isa = PBXBuildFile; fileRef = 623587D839EC4352B2B9162A /* libPods.a */; };
/* End PBXBuildFile section */

/* Begin PBXContainerItemProxy section */
		89BB97D018334F2300533562 /* PBXContainerItemProxy */ = {
			isa = PBXContainerItemProxy;
			containerPortal = 89BB97A218334F2300533562 /* Project object */;
			proxyType = 1;
			remoteGlobalIDString = 89BB97A918334F2300533562;
			remoteInfo = SFNetworkApp;
		};
/* End PBXContainerItemProxy section */

/* Begin PBXFileReference section */
		6178AFBAF2034607A3B82574 /* Pods.xcconfig */ = {isa = PBXFileReference; includeInIndex = 1; lastKnownFileType = text.xcconfig; name = Pods.xcconfig; path = Pods/Pods.xcconfig; sourceTree = "<group>"; };
		623587D839EC4352B2B9162A /* libPods.a */ = {isa = PBXFileReference; explicitFileType = archive.ar; includeInIndex = 0; path = libPods.a; sourceTree = BUILT_PRODUCTS_DIR; };
		895CC4FE18348E7200D388D4 /* SFImageViewController.h */ = {isa = PBXFileReference; fileEncoding = 4; lastKnownFileType = sourcecode.c.h; path = SFImageViewController.h; sourceTree = "<group>"; };
		895CC4FF18348E7200D388D4 /* SFImageViewController.m */ = {isa = PBXFileReference; fileEncoding = 4; lastKnownFileType = sourcecode.c.objc; path = SFImageViewController.m; sourceTree = "<group>"; };
		89BB97AA18334F2300533562 /* SFNetworkApp.app */ = {isa = PBXFileReference; explicitFileType = wrapper.application; includeInIndex = 0; path = SFNetworkApp.app; sourceTree = BUILT_PRODUCTS_DIR; };
		89BB97AD18334F2300533562 /* Foundation.framework */ = {isa = PBXFileReference; lastKnownFileType = wrapper.framework; name = Foundation.framework; path = System/Library/Frameworks/Foundation.framework; sourceTree = SDKROOT; };
		89BB97AF18334F2300533562 /* CoreGraphics.framework */ = {isa = PBXFileReference; lastKnownFileType = wrapper.framework; name = CoreGraphics.framework; path = System/Library/Frameworks/CoreGraphics.framework; sourceTree = SDKROOT; };
		89BB97B118334F2300533562 /* UIKit.framework */ = {isa = PBXFileReference; lastKnownFileType = wrapper.framework; name = UIKit.framework; path = System/Library/Frameworks/UIKit.framework; sourceTree = SDKROOT; };
		89BB97B518334F2300533562 /* SFNetworkApp-Info.plist */ = {isa = PBXFileReference; lastKnownFileType = text.plist.xml; path = "SFNetworkApp-Info.plist"; sourceTree = "<group>"; };
		89BB97B718334F2300533562 /* en */ = {isa = PBXFileReference; lastKnownFileType = text.plist.strings; name = en; path = en.lproj/InfoPlist.strings; sourceTree = "<group>"; };
		89BB97B918334F2300533562 /* main.m */ = {isa = PBXFileReference; lastKnownFileType = sourcecode.c.objc; path = main.m; sourceTree = "<group>"; };
		89BB97BB18334F2300533562 /* SFNetworkApp-Prefix.pch */ = {isa = PBXFileReference; lastKnownFileType = sourcecode.c.h; path = "SFNetworkApp-Prefix.pch"; sourceTree = "<group>"; };
		89BB97BC18334F2300533562 /* SFAppDelegate.h */ = {isa = PBXFileReference; lastKnownFileType = sourcecode.c.h; path = SFAppDelegate.h; sourceTree = "<group>"; };
		89BB97BD18334F2300533562 /* SFAppDelegate.m */ = {isa = PBXFileReference; lastKnownFileType = sourcecode.c.objc; path = SFAppDelegate.m; sourceTree = "<group>"; };
		89BB97C018334F2300533562 /* Base */ = {isa = PBXFileReference; lastKnownFileType = file.storyboard; name = Base; path = Base.lproj/Main.storyboard; sourceTree = "<group>"; };
		89BB97C518334F2300533562 /* Images.xcassets */ = {isa = PBXFileReference; lastKnownFileType = folder.assetcatalog; path = Images.xcassets; sourceTree = "<group>"; };
		89BB97CB18334F2300533562 /* SFNetworkAppTests.xctest */ = {isa = PBXFileReference; explicitFileType = wrapper.cfbundle; includeInIndex = 0; path = SFNetworkAppTests.xctest; sourceTree = BUILT_PRODUCTS_DIR; };
		89BB97CC18334F2300533562 /* XCTest.framework */ = {isa = PBXFileReference; lastKnownFileType = wrapper.framework; name = XCTest.framework; path = Library/Frameworks/XCTest.framework; sourceTree = DEVELOPER_DIR; };
		89BB97D418334F2300533562 /* SFNetworkAppTests-Info.plist */ = {isa = PBXFileReference; lastKnownFileType = text.plist.xml; path = "SFNetworkAppTests-Info.plist"; sourceTree = "<group>"; };
		89BB97D618334F2300533562 /* en */ = {isa = PBXFileReference; lastKnownFileType = text.plist.strings; name = en; path = en.lproj/InfoPlist.strings; sourceTree = "<group>"; };
		89BB97D818334F2300533562 /* SFNetworkAppTests.m */ = {isa = PBXFileReference; lastKnownFileType = sourcecode.c.objc; path = SFNetworkAppTests.m; sourceTree = "<group>"; };
		89BB97E21833589F00533562 /* SFJSONTableViewController.h */ = {isa = PBXFileReference; fileEncoding = 4; lastKnownFileType = sourcecode.c.h; name = SFJSONTableViewController.h; path = ../SFJSONTableViewController.h; sourceTree = "<group>"; };
		89BB97E31833589F00533562 /* SFJSONTableViewController.m */ = {isa = PBXFileReference; fileEncoding = 4; lastKnownFileType = sourcecode.c.objc; name = SFJSONTableViewController.m; path = ../SFJSONTableViewController.m; sourceTree = "<group>"; };
		89BB97E518335B3D00533562 /* SFWeatherModel.h */ = {isa = PBXFileReference; fileEncoding = 4; lastKnownFileType = sourcecode.c.h; name = SFWeatherModel.h; path = ../SFWeatherModel.h; sourceTree = "<group>"; };
		89BB97E618335B3D00533562 /* SFWeatherModel.m */ = {isa = PBXFileReference; fileEncoding = 4; lastKnownFileType = sourcecode.c.objc; name = SFWeatherModel.m; path = ../SFWeatherModel.m; sourceTree = "<group>"; };
		89BB97E81834054900533562 /* SFPhotoModel.h */ = {isa = PBXFileReference; fileEncoding = 4; lastKnownFileType = sourcecode.c.h; name = SFPhotoModel.h; path = ../SFPhotoModel.h; sourceTree = "<group>"; };
		89BB97E91834054900533562 /* SFPhotoModel.m */ = {isa = PBXFileReference; fileEncoding = 4; lastKnownFileType = sourcecode.c.objc; name = SFPhotoModel.m; path = ../SFPhotoModel.m; sourceTree = "<group>"; };
/* End PBXFileReference section */

/* Begin PBXFrameworksBuildPhase section */
		89BB97A718334F2300533562 /* Frameworks */ = {
			isa = PBXFrameworksBuildPhase;
			buildActionMask = 2147483647;
			files = (
				89BB97B018334F2300533562 /* CoreGraphics.framework in Frameworks */,
				89BB97B218334F2300533562 /* UIKit.framework in Frameworks */,
				89BB97AE18334F2300533562 /* Foundation.framework in Frameworks */,
				A1C00D31D3E84B8885B7A1EC /* libPods.a in Frameworks */,
			);
			runOnlyForDeploymentPostprocessing = 0;
		};
		89BB97C818334F2300533562 /* Frameworks */ = {
			isa = PBXFrameworksBuildPhase;
			buildActionMask = 2147483647;
			files = (
				89BB97CD18334F2300533562 /* XCTest.framework in Frameworks */,
				89BB97CF18334F2300533562 /* UIKit.framework in Frameworks */,
				89BB97CE18334F2300533562 /* Foundation.framework in Frameworks */,
			);
			runOnlyForDeploymentPostprocessing = 0;
		};
/* End PBXFrameworksBuildPhase section */

/* Begin PBXGroup section */
		89BB97A118334F2300533562 = {
			isa = PBXGroup;
			children = (
				89BB97B318334F2300533562 /* SFNetworkApp */,
				89BB97D218334F2300533562 /* SFNetworkAppTests */,
				89BB97AC18334F2300533562 /* Frameworks */,
				89BB97AB18334F2300533562 /* Products */,
				6178AFBAF2034607A3B82574 /* Pods.xcconfig */,
			);
			sourceTree = "<group>";
		};
		89BB97AB18334F2300533562 /* Products */ = {
			isa = PBXGroup;
			children = (
				89BB97AA18334F2300533562 /* SFNetworkApp.app */,
				89BB97CB18334F2300533562 /* SFNetworkAppTests.xctest */,
			);
			name = Products;
			sourceTree = "<group>";
		};
		89BB97AC18334F2300533562 /* Frameworks */ = {
			isa = PBXGroup;
			children = (
				89BB97AD18334F2300533562 /* Foundation.framework */,
				89BB97AF18334F2300533562 /* CoreGraphics.framework */,
				89BB97B118334F2300533562 /* UIKit.framework */,
				89BB97CC18334F2300533562 /* XCTest.framework */,
				623587D839EC4352B2B9162A /* libPods.a */,
			);
			name = Frameworks;
			sourceTree = "<group>";
		};
		89BB97B318334F2300533562 /* SFNetworkApp */ = {
			isa = PBXGroup;
			children = (
				89BB97E81834054900533562 /* SFPhotoModel.h */,
				89BB97E91834054900533562 /* SFPhotoModel.m */,
				89BB97E518335B3D00533562 /* SFWeatherModel.h */,
				89BB97E618335B3D00533562 /* SFWeatherModel.m */,
				89BB97E21833589F00533562 /* SFJSONTableViewController.h */,
				89BB97E31833589F00533562 /* SFJSONTableViewController.m */,
				89BB97BC18334F2300533562 /* SFAppDelegate.h */,
				89BB97BD18334F2300533562 /* SFAppDelegate.m */,
				89BB97BF18334F2300533562 /* Main.storyboard */,
				89BB97C518334F2300533562 /* Images.xcassets */,
				89BB97B418334F2300533562 /* Supporting Files */,
				895CC4FE18348E7200D388D4 /* SFImageViewController.h */,
				895CC4FF18348E7200D388D4 /* SFImageViewController.m */,
			);
			path = SFNetworkApp;
			sourceTree = "<group>";
		};
		89BB97B418334F2300533562 /* Supporting Files */ = {
			isa = PBXGroup;
			children = (
				89BB97B518334F2300533562 /* SFNetworkApp-Info.plist */,
				89BB97B618334F2300533562 /* InfoPlist.strings */,
				89BB97B918334F2300533562 /* main.m */,
				89BB97BB18334F2300533562 /* SFNetworkApp-Prefix.pch */,
			);
			name = "Supporting Files";
			sourceTree = "<group>";
		};
		89BB97D218334F2300533562 /* SFNetworkAppTests */ = {
			isa = PBXGroup;
			children = (
				89BB97D818334F2300533562 /* SFNetworkAppTests.m */,
				89BB97D318334F2300533562 /* Supporting Files */,
			);
			path = SFNetworkAppTests;
			sourceTree = "<group>";
		};
		89BB97D318334F2300533562 /* Supporting Files */ = {
			isa = PBXGroup;
			children = (
				89BB97D418334F2300533562 /* SFNetworkAppTests-Info.plist */,
				89BB97D518334F2300533562 /* InfoPlist.strings */,
			);
			name = "Supporting Files";
			sourceTree = "<group>";
		};
/* End PBXGroup section */

/* Begin PBXNativeTarget section */
		89BB97A918334F2300533562 /* SFNetworkApp */ = {
			isa = PBXNativeTarget;
			buildConfigurationList = 89BB97DC18334F2300533562 /* Build configuration list for PBXNativeTarget "SFNetworkApp" */;
			buildPhases = (
				76F9EAE3EC63432D9B852B12 /* Check Pods Manifest.lock */,
				89BB97A618334F2300533562 /* Sources */,
				89BB97A718334F2300533562 /* Frameworks */,
				89BB97A818334F2300533562 /* Resources */,
				9BCFA132E40144EA81B665BE /* Copy Pods Resources */,
			);
			buildRules = (
			);
			dependencies = (
			);
			name = SFNetworkApp;
			productName = SFNetworkApp;
			productReference = 89BB97AA18334F2300533562 /* SFNetworkApp.app */;
			productType = "com.apple.product-type.application";
		};
		89BB97CA18334F2300533562 /* SFNetworkAppTests */ = {
			isa = PBXNativeTarget;
			buildConfigurationList = 89BB97DF18334F2300533562 /* Build configuration list for PBXNativeTarget "SFNetworkAppTests" */;
			buildPhases = (
				89BB97C718334F2300533562 /* Sources */,
				89BB97C818334F2300533562 /* Frameworks */,
				89BB97C918334F2300533562 /* Resources */,
			);
			buildRules = (
			);
			dependencies = (
				89BB97D118334F2300533562 /* PBXTargetDependency */,
			);
			name = SFNetworkAppTests;
			productName = SFNetworkAppTests;
			productReference = 89BB97CB18334F2300533562 /* SFNetworkAppTests.xctest */;
			productType = "com.apple.product-type.bundle.unit-test";
		};
/* End PBXNativeTarget section */

/* Begin PBXProject section */
		89BB97A218334F2300533562 /* Project object */ = {
			isa = PBXProject;
			attributes = {
				CLASSPREFIX = SF;
				LastUpgradeCheck = 0500;
				ORGANIZATIONNAME = "Spencer Fornaciari";
				TargetAttributes = {
					89BB97CA18334F2300533562 = {
						TestTargetID = 89BB97A918334F2300533562;
					};
				};
			};
			buildConfigurationList = 89BB97A518334F2300533562 /* Build configuration list for PBXProject "SFNetworkApp" */;
			compatibilityVersion = "Xcode 3.2";
			developmentRegion = English;
			hasScannedForEncodings = 0;
			knownRegions = (
				en,
				Base,
			);
			mainGroup = 89BB97A118334F2300533562;
			productRefGroup = 89BB97AB18334F2300533562 /* Products */;
			projectDirPath = "";
			projectRoot = "";
			targets = (
				89BB97A918334F2300533562 /* SFNetworkApp */,
				89BB97CA18334F2300533562 /* SFNetworkAppTests */,
			);
		};
/* End PBXProject section */

/* Begin PBXResourcesBuildPhase section */
		89BB97A818334F2300533562 /* Resources */ = {
			isa = PBXResourcesBuildPhase;
			buildActionMask = 2147483647;
			files = (
				89BB97C618334F2300533562 /* Images.xcassets in Resources */,
				89BB97B818334F2300533562 /* InfoPlist.strings in Resources */,
				89BB97C118334F2300533562 /* Main.storyboard in Resources */,
			);
			runOnlyForDeploymentPostprocessing = 0;
		};
		89BB97C918334F2300533562 /* Resources */ = {
			isa = PBXResourcesBuildPhase;
			buildActionMask = 2147483647;
			files = (
				89BB97D718334F2300533562 /* InfoPlist.strings in Resources */,
			);
			runOnlyForDeploymentPostprocessing = 0;
		};
/* End PBXResourcesBuildPhase section */

/* Begin PBXShellScriptBuildPhase section */
		76F9EAE3EC63432D9B852B12 /* Check Pods Manifest.lock */ = {
			isa = PBXShellScriptBuildPhase;
			buildActionMask = 2147483647;
			files = (
			);
			inputPaths = (
			);
			name = "Check Pods Manifest.lock";
			outputPaths = (
			);
			runOnlyForDeploymentPostprocessing = 0;
			shellPath = /bin/sh;
			shellScript = "diff \"${PODS_ROOT}/../Podfile.lock\" \"${PODS_ROOT}/Manifest.lock\" > /dev/null\nif [[ $? != 0 ]] ; then\n    cat << EOM\nerror: The sandbox is not in sync with the Podfile.lock. Run 'pod install' or update your CocoaPods installation.\nEOM\n    exit 1\nfi\n";
			showEnvVarsInLog = 0;
		};
		9BCFA132E40144EA81B665BE /* Copy Pods Resources */ = {
			isa = PBXShellScriptBuildPhase;
			buildActionMask = 2147483647;
			files = (
			);
			inputPaths = (
			);
			name = "Copy Pods Resources";
			outputPaths = (
			);
			runOnlyForDeploymentPostprocessing = 0;
			shellPath = /bin/sh;
			shellScript = "\"${SRCROOT}/Pods/Pods-resources.sh\"\n";
			showEnvVarsInLog = 0;
		};
/* End PBXShellScriptBuildPhase section */

/* Begin PBXSourcesBuildPhase section */
		89BB97A618334F2300533562 /* Sources */ = {
			isa = PBXSourcesBuildPhase;
			buildActionMask = 2147483647;
			files = (
				89BB97E41833589F00533562 /* SFJSONTableViewController.m in Sources */,
				895CC50018348E7200D388D4 /* SFImageViewController.m in Sources */,
				89BB97E718335B3D00533562 /* SFWeatherModel.m in Sources */,
				89BB97EA1834054900533562 /* SFPhotoModel.m in Sources */,
				89BB97BA18334F2300533562 /* main.m in Sources */,
				89BB97BE18334F2300533562 /* SFAppDelegate.m in Sources */,
			);
			runOnlyForDeploymentPostprocessing = 0;
		};
		89BB97C718334F2300533562 /* Sources */ = {
			isa = PBXSourcesBuildPhase;
			buildActionMask = 2147483647;
			files = (
				89BB97D918334F2300533562 /* SFNetworkAppTests.m in Sources */,
			);
			runOnlyForDeploymentPostprocessing = 0;
		};
/* End PBXSourcesBuildPhase section */

/* Begin PBXTargetDependency section */
		89BB97D118334F2300533562 /* PBXTargetDependency */ = {
			isa = PBXTargetDependency;
			target = 89BB97A918334F2300533562 /* SFNetworkApp */;
			targetProxy = 89BB97D018334F2300533562 /* PBXContainerItemProxy */;
		};
/* End PBXTargetDependency section */

/* Begin PBXVariantGroup section */
		89BB97B618334F2300533562 /* InfoPlist.strings */ = {
			isa = PBXVariantGroup;
			children = (
				89BB97B718334F2300533562 /* en */,
			);
			name = InfoPlist.strings;
			sourceTree = "<group>";
		};
		89BB97BF18334F2300533562 /* Main.storyboard */ = {
			isa = PBXVariantGroup;
			children = (
				89BB97C018334F2300533562 /* Base */,
			);
			name = Main.storyboard;
			sourceTree = "<group>";
		};
		89BB97D518334F2300533562 /* InfoPlist.strings */ = {
			isa = PBXVariantGroup;
			children = (
				89BB97D618334F2300533562 /* en */,
			);
			name = InfoPlist.strings;
			sourceTree = "<group>";
		};
/* End PBXVariantGroup section */

/* Begin XCBuildConfiguration section */
		89BB97DA18334F2300533562 /* Debug */ = {
			isa = XCBuildConfiguration;
			buildSettings = {
				ALWAYS_SEARCH_USER_PATHS = NO;
				ARCHS = "$(ARCHS_STANDARD_INCLUDING_64_BIT)";
				CLANG_CXX_LANGUAGE_STANDARD = "gnu++0x";
				CLANG_CXX_LIBRARY = "libc++";
				CLANG_ENABLE_MODULES = YES;
				CLANG_ENABLE_OBJC_ARC = YES;
				CLANG_WARN_BOOL_CONVERSION = YES;
				CLANG_WARN_CONSTANT_CONVERSION = YES;
				CLANG_WARN_DIRECT_OBJC_ISA_USAGE = YES_ERROR;
				CLANG_WARN_EMPTY_BODY = YES;
				CLANG_WARN_ENUM_CONVERSION = YES;
				CLANG_WARN_INT_CONVERSION = YES;
				CLANG_WARN_OBJC_ROOT_CLASS = YES_ERROR;
				CLANG_WARN__DUPLICATE_METHOD_MATCH = YES;
				"CODE_SIGN_IDENTITY[sdk=iphoneos*]" = "iPhone Developer";
				COPY_PHASE_STRIP = NO;
				GCC_C_LANGUAGE_STANDARD = gnu99;
				GCC_DYNAMIC_NO_PIC = NO;
				GCC_OPTIMIZATION_LEVEL = 0;
				GCC_PREPROCESSOR_DEFINITIONS = (
					"DEBUG=1",
					"$(inherited)",
				);
				GCC_SYMBOLS_PRIVATE_EXTERN = NO;
				GCC_WARN_64_TO_32_BIT_CONVERSION = YES;
				GCC_WARN_ABOUT_RETURN_TYPE = YES_ERROR;
				GCC_WARN_UNDECLARED_SELECTOR = YES;
				GCC_WARN_UNINITIALIZED_AUTOS = YES;
				GCC_WARN_UNUSED_FUNCTION = YES;
				GCC_WARN_UNUSED_VARIABLE = YES;
				IPHONEOS_DEPLOYMENT_TARGET = 7.0;
				ONLY_ACTIVE_ARCH = YES;
				SDKROOT = iphoneos;
			};
			name = Debug;
		};
		89BB97DB18334F2300533562 /* Release */ = {
			isa = XCBuildConfiguration;
			buildSettings = {
				ALWAYS_SEARCH_USER_PATHS = NO;
				ARCHS = "$(ARCHS_STANDARD_INCLUDING_64_BIT)";
				CLANG_CXX_LANGUAGE_STANDARD = "gnu++0x";
				CLANG_CXX_LIBRARY = "libc++";
				CLANG_ENABLE_MODULES = YES;
				CLANG_ENABLE_OBJC_ARC = YES;
				CLANG_WARN_BOOL_CONVERSION = YES;
				CLANG_WARN_CONSTANT_CONVERSION = YES;
				CLANG_WARN_DIRECT_OBJC_ISA_USAGE = YES_ERROR;
				CLANG_WARN_EMPTY_BODY = YES;
				CLANG_WARN_ENUM_CONVERSION = YES;
				CLANG_WARN_INT_CONVERSION = YES;
				CLANG_WARN_OBJC_ROOT_CLASS = YES_ERROR;
				CLANG_WARN__DUPLICATE_METHOD_MATCH = YES;
				"CODE_SIGN_IDENTITY[sdk=iphoneos*]" = "iPhone Developer";
				COPY_PHASE_STRIP = YES;
				ENABLE_NS_ASSERTIONS = NO;
				GCC_C_LANGUAGE_STANDARD = gnu99;
				GCC_WARN_64_TO_32_BIT_CONVERSION = YES;
				GCC_WARN_ABOUT_RETURN_TYPE = YES_ERROR;
				GCC_WARN_UNDECLARED_SELECTOR = YES;
				GCC_WARN_UNINITIALIZED_AUTOS = YES;
				GCC_WARN_UNUSED_FUNCTION = YES;
				GCC_WARN_UNUSED_VARIABLE = YES;
				IPHONEOS_DEPLOYMENT_TARGET = 7.0;
				SDKROOT = iphoneos;
				VALIDATE_PRODUCT = YES;
			};
			name = Release;
		};
		89BB97DD18334F2300533562 /* Debug */ = {
			isa = XCBuildConfiguration;
			baseConfigurationReference = 6178AFBAF2034607A3B82574 /* Pods.xcconfig */;
			buildSettings = {
				ASSETCATALOG_COMPILER_APPICON_NAME = AppIcon;
				ASSETCATALOG_COMPILER_LAUNCHIMAGE_NAME = LaunchImage;
				GCC_PRECOMPILE_PREFIX_HEADER = YES;
				GCC_PREFIX_HEADER = "SFNetworkApp/SFNetworkApp-Prefix.pch";
				INFOPLIST_FILE = "SFNetworkApp/SFNetworkApp-Info.plist";
				PRODUCT_NAME = "$(TARGET_NAME)";
				WRAPPER_EXTENSION = app;
			};
			name = Debug;
		};
		89BB97DE18334F2300533562 /* Release */ = {
			isa = XCBuildConfiguration;
			baseConfigurationReference = 6178AFBAF2034607A3B82574 /* Pods.xcconfig */;
			buildSettings = {
				ASSETCATALOG_COMPILER_APPICON_NAME = AppIcon;
				ASSETCATALOG_COMPILER_LAUNCHIMAGE_NAME = LaunchImage;
				GCC_PRECOMPILE_PREFIX_HEADER = YES;
				GCC_PREFIX_HEADER = "SFNetworkApp/SFNetworkApp-Prefix.pch";
				INFOPLIST_FILE = "SFNetworkApp/SFNetworkApp-Info.plist";
				PRODUCT_NAME = "$(TARGET_NAME)";
				WRAPPER_EXTENSION = app;
			};
			name = Release;
		};
		89BB97E018334F2300533562 /* Debug */ = {
			isa = XCBuildConfiguration;
			buildSettings = {
				ARCHS = "$(ARCHS_STANDARD_INCLUDING_64_BIT)";
				BUNDLE_LOADER = "$(BUILT_PRODUCTS_DIR)/SFNetworkApp.app/SFNetworkApp";
				FRAMEWORK_SEARCH_PATHS = (
					"$(SDKROOT)/Developer/Library/Frameworks",
					"$(inherited)",
					"$(DEVELOPER_FRAMEWORKS_DIR)",
				);
				GCC_PRECOMPILE_PREFIX_HEADER = YES;
				GCC_PREFIX_HEADER = "SFNetworkApp/SFNetworkApp-Prefix.pch";
				GCC_PREPROCESSOR_DEFINITIONS = (
					"DEBUG=1",
					"$(inherited)",
				);
				INFOPLIST_FILE = "SFNetworkAppTests/SFNetworkAppTests-Info.plist";
				PRODUCT_NAME = "$(TARGET_NAME)";
				TEST_HOST = "$(BUNDLE_LOADER)";
				WRAPPER_EXTENSION = xctest;
			};
			name = Debug;
		};
		89BB97E118334F2300533562 /* Release */ = {
			isa = XCBuildConfiguration;
			buildSettings = {
				ARCHS = "$(ARCHS_STANDARD_INCLUDING_64_BIT)";
				BUNDLE_LOADER = "$(BUILT_PRODUCTS_DIR)/SFNetworkApp.app/SFNetworkApp";
				FRAMEWORK_SEARCH_PATHS = (
					"$(SDKROOT)/Developer/Library/Frameworks",
					"$(inherited)",
					"$(DEVELOPER_FRAMEWORKS_DIR)",
				);
				GCC_PRECOMPILE_PREFIX_HEADER = YES;
				GCC_PREFIX_HEADER = "SFNetworkApp/SFNetworkApp-Prefix.pch";
				INFOPLIST_FILE = "SFNetworkAppTests/SFNetworkAppTests-Info.plist";
				PRODUCT_NAME = "$(TARGET_NAME)";
				TEST_HOST = "$(BUNDLE_LOADER)";
				WRAPPER_EXTENSION = xctest;
			};
			name = Release;
		};
/* End XCBuildConfiguration section */

/* Begin XCConfigurationList section */
		89BB97A518334F2300533562 /* Build configuration list for PBXProject "SFNetworkApp" */ = {
			isa = XCConfigurationList;
			buildConfigurations = (
				89BB97DA18334F2300533562 /* Debug */,
				89BB97DB18334F2300533562 /* Release */,
			);
			defaultConfigurationIsVisible = 0;
			defaultConfigurationName = Release;
		};
		89BB97DC18334F2300533562 /* Build configuration list for PBXNativeTarget "SFNetworkApp" */ = {
			isa = XCConfigurationList;
			buildConfigurations = (
				89BB97DD18334F2300533562 /* Debug */,
				89BB97DE18334F2300533562 /* Release */,
			);
			defaultConfigurationIsVisible = 0;
			defaultConfigurationName = Release;
		};
		89BB97DF18334F2300533562 /* Build configuration list for PBXNativeTarget "SFNetworkAppTests" */ = {
			isa = XCConfigurationList;
			buildConfigurations = (
				89BB97E018334F2300533562 /* Debug */,
				89BB97E118334F2300533562 /* Release */,
			);
			defaultConfigurationIsVisible = 0;
			defaultConfigurationName = Release;
		};
/* End XCConfigurationList section */
	};
	rootObject = 89BB97A218334F2300533562 /* Project object */;
}
